lockfileVersion: '9.0'

settings:
  autoInstallPeers: true
  excludeLinksFromLockfile: false

importers:

  .:
    dependencies:
      hono:
        specifier: ^4.10.0
        version: 4.10.0
    devDependencies:
      prettier:
        specifier: ^3.3.3
        version: 3.6.2
      typescript:
        specifier: ^5
        version: 5.9.3

packages:

  hono@4.10.0:
    resolution: {integrity: sha512-V/S2IyKL6fk5+bEjiQzg74r5BglqAwU20IX3WjdTUFgvmtSqAZjSxN/Zb5lr6/JXVmH0aqkqOq++3UgzOi9+4Q==}
    engines: {node: '>=16.9.0'}

  prettier@3.6.2:
    resolution: {integrity: sha512-I7AIg5boAr5R0FFtJ6rCfD+LFsWHp81dolrFD8S79U9tb8Az2nGrJncnMSnys+bpQJfRUzqs9hnA81OAA3hCuQ==}
    engines: {node: '>=14'}
    hasBin: true

  typescript@5.9.3:
    resolution: {integrity: sha512-jl1vZzPDinLr9eUt3J/t7V6FgNEw9QjvBPdysz9KfQDD41fQrC2Y4vKQdiaUpFT4bXlb1RHhLpp8wtm6M5TgSw==}
    engines: {node: '>=14.17'}
    hasBin: true

snapshots:

  hono@4.10.0: {}

  prettier@3.6.2: {}

  typescript@5.9.3: {}
